Microsoft Visual Studio Solution File, Format Version 12.00
# Visual Studio Version 17
VisualStudioVersion = 17.5.2.0
MinimumVisualStudioVersion = 10.0.40219.1
Project("{FAE04EC0-301F-11D3-BF4B-00C04F79EFBC}") = "laborator_2", "laborator_2.csproj", "{8D163F6B-CCAA-1D43-ED85-C39C4522EE32}"
EndProject
Global
	GlobalSection(SolutionConfigurationPlatforms) = preSolution
		Debug|Any CPU = Debug|Any CPU
		Release|Any CPU = Release|Any CPU
	EndGlobalSection
	GlobalSection(ProjectConfigurationPlatforms) = postSolution
		{8D163F6B-CCAA-1D43-ED85-C39C4522EE32}.Debug|Any CPU.ActiveCfg = Debug|Any CPU
		{8D163F6B-CCAA-1D43-ED85-C39C4522EE32}.Debug|Any CPU.Build.0 = Debug|Any CPU
		{8D163F6B-CCAA-1D43-ED85-C39C4522EE32}.Release|Any CPU.ActiveCfg = Release|Any CPU
		{8D163F6B-CCAA-1D43-ED85-C39C4522EE32}.Release|Any CPU.Build.0 = Release|Any CPU
	EndGlobalSection
	GlobalSection(SolutionProperties) = preSolution
		HideSolutionNode = FALSE
	EndGlobalSection
	GlobalSection(ExtensibilityGlobals) = postSolution
		SolutionGuid = {827A8EDA-7136-4DF9-8BD4-D28FFB748CD2}
	EndGlobalSection
EndGlobal
